
Microsoft Visual Studio Solution File, Format Version 12.00
# Visual Studio Version 17
VisualStudioVersion = 17.10.35004.147
MinimumVisualStudioVersion = 10.0.40219.1
Project("{FAE04EC0-301F-11D3-BF4B-00C04F79EFBC}") = "DataAccess", "DataAccess\DataAccess.csproj", "{83497550-E61F-421D-9719-0E36E2DCDE9F}"
EndProject
Project("{FAE04EC0-301F-11D3-BF4B-00C04F79EFBC}") = "Business", "Business\Business.csproj", "{2DBDB00D-0271-4632-BEDA-54C1AD8CDEDC}"
EndProject
Project("{FAE04EC0-301F-11D3-BF4B-00C04F79EFBC}") = "Entities", "Entities\Entities.csproj", "{ED9904C0-88BA-47B6-AF48-07288F594C24}"
EndProject
Project("{FAE04EC0-301F-11D3-BF4B-00C04F79EFBC}") = "ConsoleUI", "ConsoleUI\ConsoleUI.csproj", "{0BC4320F-FD54-4914-8937-9D359C48FC54}"
EndProject
Global
	GlobalSection(SolutionConfigurationPlatforms) = preSolution
		Debug|Any CPU = Debug|Any CPU
		Release|Any CPU = Release|Any CPU
	EndGlobalSection
	GlobalSection(ProjectConfigurationPlatforms) = postSolution
		{83497550-E61F-421D-9719-0E36E2DCDE9F}.Debug|Any CPU.ActiveCfg = Debug|Any CPU
		{83497550-E61F-421D-9719-0E36E2DCDE9F}.Debug|Any CPU.Build.0 = Debug|Any CPU
		{83497550-E61F-421D-9719-0E36E2DCDE9F}.Release|Any CPU.ActiveCfg = Release|Any CPU
		{83497550-E61F-421D-9719-0E36E2DCDE9F}.Release|Any CPU.Build.0 = Release|Any CPU
		{2DBDB00D-0271-4632-BEDA-54C1AD8CDEDC}.Debug|Any CPU.ActiveCfg = Debug|Any CPU
		{2DBDB00D-0271-4632-BEDA-54C1AD8CDEDC}.Debug|Any CPU.Build.0 = Debug|Any CPU
		{2DBDB00D-0271-4632-BEDA-54C1AD8CDEDC}.Release|Any CPU.ActiveCfg = Release|Any CPU
		{2DBDB00D-0271-4632-BEDA-54C1AD8CDEDC}.Release|Any CPU.Build.0 = Release|Any CPU
		{ED9904C0-88BA-47B6-AF48-07288F594C24}.Debug|Any CPU.ActiveCfg = Debug|Any CPU
		{ED9904C0-88BA-47B6-AF48-07288F594C24}.Debug|Any CPU.Build.0 = Debug|Any CPU
		{ED9904C0-88BA-47B6-AF48-07288F594C24}.Release|Any CPU.ActiveCfg = Release|Any CPU
		{ED9904C0-88BA-47B6-AF48-07288F594C24}.Release|Any CPU.Build.0 = Release|Any CPU
		{0BC4320F-FD54-4914-8937-9D359C48FC54}.Debug|Any CPU.ActiveCfg = Debug|Any CPU
		{0BC4320F-FD54-4914-8937-9D359C48FC54}.Debug|Any CPU.Build.0 = Debug|Any CPU
		{0BC4320F-FD54-4914-8937-9D359C48FC54}.Release|Any CPU.ActiveCfg = Release|Any CPU
		{0BC4320F-FD54-4914-8937-9D359C48FC54}.Release|Any CPU.Build.0 = Release|Any CPU
	EndGlobalSection
	GlobalSection(SolutionProperties) = preSolution
		HideSolutionNode = FALSE
	EndGlobalSection
	GlobalSection(ExtensibilityGlobals) = postSolution
		SolutionGuid = {19AB79C0-8756-4377-8FD1-8E300119F93E}
	EndGlobalSection
EndGlobal
